
Microsoft Visual Studio Solution File, Format Version 12.00
# Visual Studio Version 17
VisualStudioVersion = 17.1.32407.343
MinimumVisualStudioVersion = 10.0.40219.1
Project("{FAE04EC0-301F-11D3-BF4B-00C04F79EFBC}") = "TP-02", "TP-02\TP-02.csproj", "{F9091C00-DA71-4587-A2C3-8B6366197742}"
EndProject
Project("{FAE04EC0-301F-11D3-BF4B-00C04F79EFBC}") = "Entidades", "Entidades\Entidades.csproj", "{45014187-BFB8-4469-BD80-7A8BC6494297}"
EndProject
Global
	GlobalSection(SolutionConfigurationPlatforms) = preSolution
		Debug|Any CPU = Debug|Any CPU
		Release|Any CPU = Release|Any CPU
	EndGlobalSection
	GlobalSection(ProjectConfigurationPlatforms) = postSolution
		{F9091C00-DA71-4587-A2C3-8B6366197742}.Debug|Any CPU.ActiveCfg = Debug|Any CPU
		{F9091C00-DA71-4587-A2C3-8B6366197742}.Debug|Any CPU.Build.0 = Debug|Any CPU
		{F9091C00-DA71-4587-A2C3-8B6366197742}.Release|Any CPU.ActiveCfg = Release|Any CPU
		{F9091C00-DA71-4587-A2C3-8B6366197742}.Release|Any CPU.Build.0 = Release|Any CPU
		{45014187-BFB8-4469-BD80-7A8BC6494297}.Debug|Any CPU.ActiveCfg = Debug|Any CPU
		{45014187-BFB8-4469-BD80-7A8BC6494297}.Debug|Any CPU.Build.0 = Debug|Any CPU
		{45014187-BFB8-4469-BD80-7A8BC6494297}.Release|Any CPU.ActiveCfg = Release|Any CPU
		{45014187-BFB8-4469-BD80-7A8BC6494297}.Release|Any CPU.Build.0 = Release|Any CPU
	EndGlobalSection
	GlobalSection(SolutionProperties) = preSolution
		HideSolutionNode = FALSE
	EndGlobalSection
	GlobalSection(ExtensibilityGlobals) = postSolution
		SolutionGuid = {DC2822AE-591F-46F0-A091-31282E3D6905}
	EndGlobalSection
EndGlobal
