
Microsoft Visual Studio Solution File, Format Version 12.00
# Visual Studio Version 16
VisualStudioVersion = 16.0.810.22
MinimumVisualStudioVersion = 10.0.40219.1
Project("{FAE04EC0-301F-11D3-BF4B-00C04F79EFBC}") = "Remon.Gabriel.2ºC.TP2", "Remon.Gabriel.2ºC.TP2.csproj", "{91527D10-3C5B-4413-AB16-AC4E5F2E8B85}"
EndProject
Project("{FAE04EC0-301F-11D3-BF4B-00C04F79EFBC}") = "Entidades", "Entidades\Entidades.csproj", "{ACCAB9F0-5467-4E3C-94FD-6ED86F598444}"
EndProject
Global
	GlobalSection(SolutionConfigurationPlatforms) = preSolution
		Debug|anycpu = Debug|anycpu
		Release|anycpu = Release|anycpu
	EndGlobalSection
	GlobalSection(ProjectConfigurationPlatforms) = postSolution
		{91527D10-3C5B-4413-AB16-AC4E5F2E8B85}.Debug|anycpu.ActiveCfg = Debug|anycpu
		{91527D10-3C5B-4413-AB16-AC4E5F2E8B85}.Debug|anycpu.Build.0 = Debug|anycpu
		{91527D10-3C5B-4413-AB16-AC4E5F2E8B85}.Release|anycpu.ActiveCfg = Release|anycpu
		{91527D10-3C5B-4413-AB16-AC4E5F2E8B85}.Release|anycpu.Build.0 = Release|anycpu
		{ACCAB9F0-5467-4E3C-94FD-6ED86F598444}.Debug|anycpu.ActiveCfg = Debug|Any CPU
		{ACCAB9F0-5467-4E3C-94FD-6ED86F598444}.Debug|anycpu.Build.0 = Debug|Any CPU
		{ACCAB9F0-5467-4E3C-94FD-6ED86F598444}.Release|anycpu.ActiveCfg = Release|Any CPU
		{ACCAB9F0-5467-4E3C-94FD-6ED86F598444}.Release|anycpu.Build.0 = Release|Any CPU
	EndGlobalSection
	GlobalSection(SolutionProperties) = preSolution
		HideSolutionNode = FALSE
	EndGlobalSection
	GlobalSection(ExtensibilityGlobals) = postSolution
		SolutionGuid = {98091000-0B67-4B54-88CA-0D30068C3812}
	EndGlobalSection
EndGlobal
