
Microsoft Visual Studio Solution File, Format Version 12.00
# Visual Studio Version 17
VisualStudioVersion = 17.1.32407.343
MinimumVisualStudioVersion = 10.0.40219.1
Project("{9A19103F-16F7-4668-BE54-9A1E7A4F7556}") = "FormIngreso", "Remon.Gabriel.2ºC.TP3\FormIngreso.csproj", "{2ADE65F0-6983-41D7-88D2-3356370381CF}"
EndProject
Project("{9A19103F-16F7-4668-BE54-9A1E7A4F7556}") = "Biblioteca", "Biblioteca\Biblioteca.csproj", "{48245C32-527A-4EE7-9527-0F62FAD0121E}"
EndProject
Project("{2150E333-8FDC-42A3-9474-1A3956D46DE8}") = "Logica", "Logica", "{ACDF6F76-8965-4419-BA57-C6A8045EEFB8}"
EndProject
Project("{9A19103F-16F7-4668-BE54-9A1E7A4F7556}") = "Forms", "Forms\Forms.csproj", "{BCABD139-7A2A-4521-9F3C-2CA367F4C1C1}"
EndProject
Project("{2150E333-8FDC-42A3-9474-1A3956D46DE8}") = "Vista", "Vista", "{A4AF53D5-6E2A-41C3-B377-4141E5DAEEDA}"
EndProject
Project("{FAE04EC0-301F-11D3-BF4B-00C04F79EFBC}") = "Archivos", "Archivos\Archivos.csproj", "{5119CCF0-F0C8-4457-855D-E2167651CCEE}"
EndProject
Project("{2150E333-8FDC-42A3-9474-1A3956D46DE8}") = "IO", "IO", "{371DF4FD-3BF4-40A8-A34D-9B6964D0F81A}"
EndProject
Global
	GlobalSection(SolutionConfigurationPlatforms) = preSolution
		Debug|Any CPU = Debug|Any CPU
		Release|Any CPU = Release|Any CPU
	EndGlobalSection
	GlobalSection(ProjectConfigurationPlatforms) = postSolution
		{2ADE65F0-6983-41D7-88D2-3356370381CF}.Debug|Any CPU.ActiveCfg = Debug|Any CPU
		{2ADE65F0-6983-41D7-88D2-3356370381CF}.Debug|Any CPU.Build.0 = Debug|Any CPU
		{2ADE65F0-6983-41D7-88D2-3356370381CF}.Release|Any CPU.ActiveCfg = Release|Any CPU
		{2ADE65F0-6983-41D7-88D2-3356370381CF}.Release|Any CPU.Build.0 = Release|Any CPU
		{48245C32-527A-4EE7-9527-0F62FAD0121E}.Debug|Any CPU.ActiveCfg = Debug|Any CPU
		{48245C32-527A-4EE7-9527-0F62FAD0121E}.Debug|Any CPU.Build.0 = Debug|Any CPU
		{48245C32-527A-4EE7-9527-0F62FAD0121E}.Release|Any CPU.ActiveCfg = Release|Any CPU
		{48245C32-527A-4EE7-9527-0F62FAD0121E}.Release|Any CPU.Build.0 = Release|Any CPU
		{BCABD139-7A2A-4521-9F3C-2CA367F4C1C1}.Debug|Any CPU.ActiveCfg = Debug|Any CPU
		{BCABD139-7A2A-4521-9F3C-2CA367F4C1C1}.Debug|Any CPU.Build.0 = Debug|Any CPU
		{BCABD139-7A2A-4521-9F3C-2CA367F4C1C1}.Release|Any CPU.ActiveCfg = Release|Any CPU
		{BCABD139-7A2A-4521-9F3C-2CA367F4C1C1}.Release|Any CPU.Build.0 = Release|Any CPU
		{5119CCF0-F0C8-4457-855D-E2167651CCEE}.Debug|Any CPU.ActiveCfg = Debug|Any CPU
		{5119CCF0-F0C8-4457-855D-E2167651CCEE}.Debug|Any CPU.Build.0 = Debug|Any CPU
		{5119CCF0-F0C8-4457-855D-E2167651CCEE}.Release|Any CPU.ActiveCfg = Release|Any CPU
		{5119CCF0-F0C8-4457-855D-E2167651CCEE}.Release|Any CPU.Build.0 = Release|Any CPU
	EndGlobalSection
	GlobalSection(SolutionProperties) = preSolution
		HideSolutionNode = FALSE
	EndGlobalSection
	GlobalSection(NestedProjects) = preSolution
		{48245C32-527A-4EE7-9527-0F62FAD0121E} = {ACDF6F76-8965-4419-BA57-C6A8045EEFB8}
		{BCABD139-7A2A-4521-9F3C-2CA367F4C1C1} = {A4AF53D5-6E2A-41C3-B377-4141E5DAEEDA}
		{5119CCF0-F0C8-4457-855D-E2167651CCEE} = {371DF4FD-3BF4-40A8-A34D-9B6964D0F81A}
	EndGlobalSection
	GlobalSection(ExtensibilityGlobals) = postSolution
		SolutionGuid = {51EC2B94-0FAC-4620-94C8-BB15DAB08FB8}
	EndGlobalSection
EndGlobal
